// !$*UTF8*$!
{
	archiveVersion = 1;
	classes = {
	};
	objectVersion = 46;
	objects = {

/* Begin PBXBuildFile section */
		5BD069991B317CA0007B6BBC /* AppDelegate.swift in Sources */ = {isa = PBXBuildFile; fileRef = 5BD069981B317CA0007B6BBC /* AppDelegate.swift */; };
		5BD0699B1B317CA0007B6BBC /* ViewController.swift in Sources */ = {isa = PBXBuildFile; fileRef = 5BD0699A1B317CA0007B6BBC /* ViewController.swift */; };
		5BD0699E1B317CA0007B6BBC /* Main.storyboard in Resources */ = {isa = PBXBuildFile; fileRef = 5BD0699C1B317CA0007B6BBC /* Main.storyboard */; };
		5BD069A01B317CA0007B6BBC /* Images.xcassets in Resources */ = {isa = PBXBuildFile; fileRef = 5BD0699F1B317CA0007B6BBC /* Images.xcassets */; };
		5BD069A31B317CA0007B6BBC /* LaunchScreen.xib in Resources */ = {isa = PBXBuildFile; fileRef = 5BD069A11B317CA0007B6BBC /* LaunchScreen.xib */; };
		5BD069AF1B317CA0007B6BBC /* ShoeSizeConverterTests.swift in Sources */ = {isa = PBXBuildFile; fileRef = 5BD069AE1B317CA0007B6BBC /* ShoeSizeConverterTests.swift */; };
/* End PBXBuildFile section */

/* Begin PBXContainerItemProxy section */
		5BD069A91B317CA0007B6BBC /* PBXContainerItemProxy */ = {
			isa = PBXContainerItemProxy;
			containerPortal = 5BD0698B1B317CA0007B6BBC /* Project object */;
			proxyType = 1;
			remoteGlobalIDString = 5BD069921B317CA0007B6BBC;
			remoteInfo = ShoeSizeConverter;
		};
/* End PBXContainerItemProxy section */

/* Begin PBXFileReference section */
		5BD069931B317CA0007B6BBC /* ShoeSizeConverter.app */ = {isa = PBXFileReference; explicitFileType = wrapper.application; includeInIndex = 0; path = ShoeSizeConverter.app; sourceTree = BUILT_PRODUCTS_DIR; };
		5BD069971B317CA0007B6BBC /* Info.plist */ = {isa = PBXFileReference; lastKnownFileType = text.plist.xml; path = Info.plist; sourceTree = "<group>"; };
		5BD069981B317CA0007B6BBC /* AppDelegate.swift */ = {isa = PBXFileReference; lastKnownFileType = sourcecode.swift; path = AppDelegate.swift; sourceTree = "<group>"; };
		5BD0699A1B317CA0007B6BBC /* ViewController.swift */ = {isa = PBXFileReference; lastKnownFileType = sourcecode.swift; path = ViewController.swift; sourceTree = "<group>"; };
		5BD0699D1B317CA0007B6BBC /* Base */ = {isa = PBXFileReference; lastKnownFileType = file.storyboard; name = Base; path = Base.lproj/Main.storyboard; sourceTree = "<group>"; };
		5BD0699F1B317CA0007B6BBC /* Images.xcassets */ = {isa = PBXFileReference; lastKnownFileType = folder.assetcatalog; path = Images.xcassets; sourceTree = "<group>"; };
		5BD069A21B317CA0007B6BBC /* Base */ = {isa = PBXFileReference; lastKnownFileType = file.xib; name = Base; path = Base.lproj/LaunchScreen.xib; sourceTree = "<group>"; };
		5BD069A81B317CA0007B6BBC /* ShoeSizeConverterTests.xctest */ = {isa = PBXFileReference; explicitFileType = wrapper.cfbundle; includeInIndex = 0; path = ShoeSizeConverterTests.xctest; sourceTree = BUILT_PRODUCTS_DIR; };
		5BD069AD1B317CA0007B6BBC /* Info.plist */ = {isa = PBXFileReference; lastKnownFileType = text.plist.xml; path = Info.plist; sourceTree = "<group>"; };
		5BD069AE1B317CA0007B6BBC /* ShoeSizeConverterTests.swift */ = {isa = PBXFileReference; lastKnownFileType = sourcecode.swift; path = ShoeSizeConverterTests.swift; sourceTree = "<group>"; };
/* End PBXFileReference section */

/* Begin PBXFrameworksBuildPhase section */
		5BD069901B317CA0007B6BBC /* Frameworks */ = {
			isa = PBXFrameworksBuildPhase;
			buildActionMask = 2147483647;
			files = (
			);
			runOnlyForDeploymentPostprocessing = 0;
		};
		5BD069A51B317CA0007B6BBC /* Frameworks */ = {
			isa = PBXFrameworksBuildPhase;
			buildActionMask = 2147483647;
			files = (
			);
			runOnlyForDeploymentPostprocessing = 0;
		};
/* End PBXFrameworksBuildPhase section */

/* Begin PBXGroup section */
		5BD0698A1B317CA0007B6BBC = {
			isa = PBXGroup;
			children = (
				5BD069951B317CA0007B6BBC /* ShoeSizeConverter */,
				5BD069AB1B317CA0007B6BBC /* ShoeSizeConverterTests */,
				5BD069941B317CA0007B6BBC /* Products */,
			);
			sourceTree = "<group>";
		};
		5BD069941B317CA0007B6BBC /* Products */ = {
			isa = PBXGroup;
			children = (
				5BD069931B317CA0007B6BBC /* ShoeSizeConverter.app */,
				5BD069A81B317CA0007B6BBC /* ShoeSizeConverterTests.xctest */,
			);
			name = Products;
			sourceTree = "<group>";
		};
		5BD069951B317CA0007B6BBC /* ShoeSizeConverter */ = {
			isa = PBXGroup;
			children = (
				5BD069981B317CA0007B6BBC /* AppDelegate.swift */,
				5BD0699A1B317CA0007B6BBC /* ViewController.swift */,
				5BD0699C1B317CA0007B6BBC /* Main.storyboard */,
				5BD0699F1B317CA0007B6BBC /* Images.xcassets */,
				5BD069A11B317CA0007B6BBC /* LaunchScreen.xib */,
				5BD069961B317CA0007B6BBC /* Supporting Files */,
			);
			path = ShoeSizeConverter;
			sourceTree = "<group>";
		};
		5BD069961B317CA0007B6BBC /* Supporting Files */ = {
			isa = PBXGroup;
			children = (
				5BD069971B317CA0007B6BBC /* Info.plist */,
			);
			name = "Supporting Files";
			sourceTree = "<group>";
		};
		5BD069AB1B317CA0007B6BBC /* ShoeSizeConverterTests */ = {
			isa = PBXGroup;
			children = (
				5BD069AE1B317CA0007B6BBC /* ShoeSizeConverterTests.swift */,
				5BD069AC1B317CA0007B6BBC /* Supporting Files */,
			);
			path = ShoeSizeConverterTests;
			sourceTree = "<group>";
		};
		5BD069AC1B317CA0007B6BBC /* Supporting Files */ = {
			isa = PBXGroup;
			children = (
				5BD069AD1B317CA0007B6BBC /* Info.plist */,
			);
			name = "Supporting Files";
			sourceTree = "<group>";
		};
/* End PBXGroup section */

/* Begin PBXNativeTarget section */
		5BD069921B317CA0007B6BBC /* ShoeSizeConverter */ = {
			isa = PBXNativeTarget;
			buildConfigurationList = 5BD069B21B317CA0007B6BBC /* Build configuration list for PBXNativeTarget "ShoeSizeConverter" */;
			buildPhases = (
				5BD0698F1B317CA0007B6BBC /* Sources */,
				5BD069901B317CA0007B6BBC /* Frameworks */,
				5BD069911B317CA0007B6BBC /* Resources */,
			);
			buildRules = (
			);
			dependencies = (
			);
			name = ShoeSizeConverter;
			productName = ShoeSizeConverter;
			productReference = 5BD069931B317CA0007B6BBC /* ShoeSizeConverter.app */;
			productType = "com.apple.product-type.application";
		};
		5BD069A71B317CA0007B6BBC /* ShoeSizeConverterTests */ = {
			isa = PBXNativeTarget;
			buildConfigurationList = 5BD069B51B317CA0007B6BBC /* Build configuration list for PBXNativeTarget "ShoeSizeConverterTests" */;
			buildPhases = (
				5BD069A41B317CA0007B6BBC /* Sources */,
				5BD069A51B317CA0007B6BBC /* Frameworks */,
				5BD069A61B317CA0007B6BBC /* Resources */,
			);
			buildRules = (
			);
			dependencies = (
				5BD069AA1B317CA0007B6BBC /* PBXTargetDependency */,
			);
			name = ShoeSizeConverterTests;
			productName = ShoeSizeConverterTests;
			productReference = 5BD069A81B317CA0007B6BBC /* ShoeSizeConverterTests.xctest */;
			productType = "com.apple.product-type.bundle.unit-test";
		};
/* End PBXNativeTarget section */

/* Begin PBXProject section */
		5BD0698B1B317CA0007B6BBC /* Project object */ = {
			isa = PBXProject;
			attributes = {
				LastUpgradeCheck = 0630;
				ORGANIZATIONNAME = "Samarth Goenka";
				TargetAttributes = {
					5BD069921B317CA0007B6BBC = {
						CreatedOnToolsVersion = 6.3.1;
					};
					5BD069A71B317CA0007B6BBC = {
						CreatedOnToolsVersion = 6.3.1;
						TestTargetID = 5BD069921B317CA0007B6BBC;
					};
				};
			};
			buildConfigurationList = 5BD0698E1B317CA0007B6BBC /* Build configuration list for PBXProject "ShoeSizeConverter" */;
			compatibilityVersion = "Xcode 3.2";
			developmentRegion = English;
			hasScannedForEncodings = 0;
			knownRegions = (
				en,
				Base,
			);
			mainGroup = 5BD0698A1B317CA0007B6BBC;
			productRefGroup = 5BD069941B317CA0007B6BBC /* Products */;
			projectDirPath = "";
			projectRoot = "";
			targets = (
				5BD069921B317CA0007B6BBC /* ShoeSizeConverter */,
				5BD069A71B317CA0007B6BBC /* ShoeSizeConverterTests */,
			);
		};
/* End PBXProject section */

/* Begin PBXResourcesBuildPhase section */
		5BD069911B317CA0007B6BBC /* Resources */ = {
			isa = PBXResourcesBuildPhase;
			buildActionMask = 2147483647;
			files = (
				5BD0699E1B317CA0007B6BBC /* Main.storyboard in Resources */,
				5BD069A31B317CA0007B6BBC /* LaunchScreen.xib in Resources */,
				5BD069A01B317CA0007B6BBC /* Images.xcassets in Resources */,
			);
			runOnlyForDeploymentPostprocessing = 0;
		};
		5BD069A61B317CA0007B6BBC /* Resources */ = {
			isa = PBXResourcesBuildPhase;
			buildActionMask = 2147483647;
			files = (
			);
			runOnlyForDeploymentPostprocessing = 0;
		};
/* End PBXResourcesBuildPhase section */

/* Begin PBXSourcesBuildPhase section */
		5BD0698F1B317CA0007B6BBC /* Sources */ = {
			isa = PBXSourcesBuildPhase;
			buildActionMask = 2147483647;
			files = (
				5BD0699B1B317CA0007B6BBC /* ViewController.swift in Sources */,
				5BD069991B317CA0007B6BBC /* AppDelegate.swift in Sources */,
			);
			runOnlyForDeploymentPostprocessing = 0;
		};
		5BD069A41B317CA0007B6BBC /* Sources */ = {
			isa = PBXSourcesBuildPhase;
			buildActionMask = 2147483647;
			files = (
				5BD069AF1B317CA0007B6BBC /* ShoeSizeConverterTests.swift in Sources */,
			);
			runOnlyForDeploymentPostprocessing = 0;
		};
/* End PBXSourcesBuildPhase section */

/* Begin PBXTargetDependency section */
		5BD069AA1B317CA0007B6BBC /* PBXTargetDependency */ = {
			isa = PBXTargetDependency;
			target = 5BD069921B317CA0007B6BBC /* ShoeSizeConverter */;
			targetProxy = 5BD069A91B317CA0007B6BBC /* PBXContainerItemProxy */;
		};
/* End PBXTargetDependency section */

/* Begin PBXVariantGroup section */
		5BD0699C1B317CA0007B6BBC /* Main.storyboard */ = {
			isa = PBXVariantGroup;
			children = (
				5BD0699D1B317CA0007B6BBC /* Base */,
			);
			name = Main.storyboard;
			sourceTree = "<group>";
		};
		5BD069A11B317CA0007B6BBC /* LaunchScreen.xib */ = {
			isa = PBXVariantGroup;
			children = (
				5BD069A21B317CA0007B6BBC /* Base */,
			);
			name = LaunchScreen.xib;
			sourceTree = "<group>";
		};
/* End PBXVariantGroup section */

/* Begin XCBuildConfiguration section */
		5BD069B01B317CA0007B6BBC /* Debug */ = {
			isa = XCBuildConfiguration;
			buildSettings = {
				ALWAYS_SEARCH_USER_PATHS = NO;
				CLANG_CXX_LANGUAGE_STANDARD = "gnu++0x";
				CLANG_CXX_LIBRARY = "libc++";
				CLANG_ENABLE_MODULES = YES;
				CLANG_ENABLE_OBJC_ARC = YES;
				CLANG_WARN_BOOL_CONVERSION = YES;
				CLANG_WARN_CONSTANT_CONVERSION = YES;
				CLANG_WARN_DIRECT_OBJC_ISA_USAGE = YES_ERROR;
				CLANG_WARN_EMPTY_BODY = YES;
				CLANG_WARN_ENUM_CONVERSION = YES;
				CLANG_WARN_INT_CONVERSION = YES;
				CLANG_WARN_OBJC_ROOT_CLASS = YES_ERROR;
				CLANG_WARN_UNREACHABLE_CODE = YES;
				CLANG_WARN__DUPLICATE_METHOD_MATCH = YES;
				"CODE_SIGN_IDENTITY[sdk=iphoneos*]" = "iPhone Developer";
				COPY_PHASE_STRIP = NO;
				DEBUG_INFORMATION_FORMAT = "dwarf-with-dsym";
				ENABLE_STRICT_OBJC_MSGSEND = YES;
				GCC_C_LANGUAGE_STANDARD = gnu99;
				GCC_DYNAMIC_NO_PIC = NO;
				GCC_NO_COMMON_BLOCKS = YES;
				GCC_OPTIMIZATION_LEVEL = 0;
				GCC_PREPROCESSOR_DEFINITIONS = (
					"DEBUG=1",
					"$(inherited)",
				);
				GCC_SYMBOLS_PRIVATE_EXTERN = NO;
				GCC_WARN_64_TO_32_BIT_CONVERSION = YES;
				GCC_WARN_ABOUT_RETURN_TYPE = YES_ERROR;
				GCC_WARN_UNDECLARED_SELECTOR = YES;
				GCC_WARN_UNINITIALIZED_AUTOS = YES_AGGRESSIVE;
				GCC_WARN_UNUSED_FUNCTION = YES;
				GCC_WARN_UNUSED_VARIABLE = YES;
				IPHONEOS_DEPLOYMENT_TARGET = 8.3;
				MTL_ENABLE_DEBUG_INFO = YES;
				ONLY_ACTIVE_ARCH = YES;
				SDKROOT = iphoneos;
				SWIFT_OPTIMIZATION_LEVEL = "-Onone";
				TARGETED_DEVICE_FAMILY = "1,2";
			};
			name = Debug;
		};
		5BD069B11B317CA0007B6BBC /* Release */ = {
			isa = XCBuildConfiguration;
			buildSettings = {
				ALWAYS_SEARCH_USER_PATHS = NO;
				CLANG_CXX_LANGUAGE_STANDARD = "gnu++0x";
				CLANG_CXX_LIBRARY = "libc++";
				CLANG_ENABLE_MODULES = YES;
				CLANG_ENABLE_OBJC_ARC = YES;
				CLANG_WARN_BOOL_CONVERSION = YES;
				CLANG_WARN_CONSTANT_CONVERSION = YES;
				CLANG_WARN_DIRECT_OBJC_ISA_USAGE = YES_ERROR;
				CLANG_WARN_EMPTY_BODY = YES;
				CLANG_WARN_ENUM_CONVERSION = YES;
				CLANG_WARN_INT_CONVERSION = YES;
				CLANG_WARN_OBJC_ROOT_CLASS = YES_ERROR;
				CLANG_WARN_UNREACHABLE_CODE = YES;
				CLANG_WARN__DUPLICATE_METHOD_MATCH = YES;
				"CODE_SIGN_IDENTITY[sdk=iphoneos*]" = "iPhone Developer";
				COPY_PHASE_STRIP = NO;
				DEBUG_INFORMATION_FORMAT = "dwarf-with-dsym";
				ENABLE_NS_ASSERTIONS = NO;
				ENABLE_STRICT_OBJC_MSGSEND = YES;
				GCC_C_LANGUAGE_STANDARD = gnu99;
				GCC_NO_COMMON_BLOCKS = YES;
				GCC_WARN_64_TO_32_BIT_CONVERSION = YES;
				GCC_WARN_ABOUT_RETURN_TYPE = YES_ERROR;
				GCC_WARN_UNDECLARED_SELECTOR = YES;
				GCC_WARN_UNINITIALIZED_AUTOS = YES_AGGRESSIVE;
				GCC_WARN_UNUSED_FUNCTION = YES;
				GCC_WARN_UNUSED_VARIABLE = YES;
				IPHONEOS_DEPLOYMENT_TARGET = 8.3;
				MTL_ENABLE_DEBUG_INFO = NO;
				SDKROOT = iphoneos;
				TARGETED_DEVICE_FAMILY = "1,2";
				VALIDATE_PRODUCT = YES;
			};
			name = Release;
		};
		5BD069B31B317CA0007B6BBC /* Debug */ = {
			isa = XCBuildConfiguration;
			buildSettings = {
				ASSETCATALOG_COMPILER_APPICON_NAME = AppIcon;
				INFOPLIST_FILE = ShoeSizeConverter/Info.plist;
				LD_RUNPATH_SEARCH_PATHS = "$(inherited) @executable_path/Frameworks";
				PRODUCT_NAME = "$(TARGET_NAME)";
			};
			name = Debug;
		};
		5BD069B41B317CA0007B6BBC /* Release */ = {
			isa = XCBuildConfiguration;
			buildSettings = {
				ASSETCATALOG_COMPILER_APPICON_NAME = AppIcon;
				INFOPLIST_FILE = ShoeSizeConverter/Info.plist;
				LD_RUNPATH_SEARCH_PATHS = "$(inherited) @executable_path/Frameworks";
				PRODUCT_NAME = "$(TARGET_NAME)";
			};
			name = Release;
		};
		5BD069B61B317CA0007B6BBC /* Debug */ = {
			isa = XCBuildConfiguration;
			buildSettings = {
				BUNDLE_LOADER = "$(TEST_HOST)";
				FRAMEWORK_SEARCH_PATHS = (
					"$(SDKROOT)/Developer/Library/Frameworks",
					"$(inherited)",
				);
				GCC_PREPROCESSOR_DEFINITIONS = (
					"DEBUG=1",
					"$(inherited)",
				);
				INFOPLIST_FILE = ShoeSizeConverterTests/Info.plist;
				LD_RUNPATH_SEARCH_PATHS = "$(inherited) @executable_path/Frameworks @loader_path/Frameworks";
				PRODUCT_NAME = "$(TARGET_NAME)";
				TEST_HOST = "$(BUILT_PRODUCTS_DIR)/ShoeSizeConverter.app/ShoeSizeConverter";
			};
			name = Debug;
		};
		5BD069B71B317CA0007B6BBC /* Release */ = {
			isa = XCBuildConfiguration;
			buildSettings = {
				BUNDLE_LOADER = "$(TEST_HOST)";
				FRAMEWORK_SEARCH_PATHS = (
					"$(SDKROOT)/Developer/Library/Frameworks",
					"$(inherited)",
				);
				INFOPLIST_FILE = ShoeSizeConverterTests/Info.plist;
				LD_RUNPATH_SEARCH_PATHS = "$(inherited) @executable_path/Frameworks @loader_path/Frameworks";
				PRODUCT_NAME = "$(TARGET_NAME)";
				TEST_HOST = "$(BUILT_PRODUCTS_DIR)/ShoeSizeConverter.app/ShoeSizeConverter";
			};
			name = Release;
		};
/* End XCBuildConfiguration section */

/* Begin XCConfigurationList section */
		5BD0698E1B317CA0007B6BBC /* Build configuration list for PBXProject "ShoeSizeConverter" */ = {
			isa = XCConfigurationList;
			buildConfigurations = (
				5BD069B01B317CA0007B6BBC /* Debug */,
				5BD069B11B317CA0007B6BBC /* Release */,
			);
			defaultConfigurationIsVisible = 0;
			defaultConfigurationName = Release;
		};
		5BD069B21B317CA0007B6BBC /* Build configuration list for PBXNativeTarget "ShoeSizeConverter" */ = {
			isa = XCConfigurationList;
			buildConfigurations = (
				5BD069B31B317CA0007B6BBC /* Debug */,
				5BD069B41B317CA0007B6BBC /* Release */,
			);
			defaultConfigurationIsVisible = 0;
		};
		5BD069B51B317CA0007B6BBC /* Build configuration list for PBXNativeTarget "ShoeSizeConverterTests" */ = {
			isa = XCConfigurationList;
			buildConfigurations = (
				5BD069B61B317CA0007B6BBC /* Debug */,
				5BD069B71B317CA0007B6BBC /* Release */,
			);
			defaultConfigurationIsVisible = 0;
		};
/* End XCConfigurationList section */
	};
	rootObject = 5BD0698B1B317CA0007B6BBC /* Project object */;
}
